
Microsoft Visual Studio Solution File, Format Version 12.00
# Visual Studio 15
VisualStudioVersion = 15.0.28010.2016
MinimumVisualStudioVersion = 10.0.40219.1
Project("{FAE04EC0-301F-11D3-BF4B-00C04F79EFBC}") = "ConsoleApp1", "ConsoleApp1\ConsoleApp1.csproj", "{444023A8-D288-4CB8-9827-45DF7EBACF6A}"
EndProject
Global
	GlobalSection(SolutionConfigurationPlatforms) = preSolution
		Debug|Any CPU = Debug|Any CPU
		Release|Any CPU = Release|Any CPU
	EndGlobalSection
	GlobalSection(ProjectConfigurationPlatforms) = postSolution
		{444023A8-D288-4CB8-9827-45DF7EBACF6A}.Debug|Any CPU.ActiveCfg = Debug|Any CPU
		{444023A8-D288-4CB8-9827-45DF7EBACF6A}.Debug|Any CPU.Build.0 = Debug|Any CPU
		{444023A8-D288-4CB8-9827-45DF7EBACF6A}.Release|Any CPU.ActiveCfg = Release|Any CPU
		{444023A8-D288-4CB8-9827-45DF7EBACF6A}.Release|Any CPU.Build.0 = Release|Any CPU
	EndGlobalSection
	GlobalSection(SolutionProperties) = preSolution
		HideSolutionNode = FALSE
	EndGlobalSection
	GlobalSection(ExtensibilityGlobals) = postSolution
		SolutionGuid = {CBC13A86-FC2A-4873-B7BB-3E86EF9239BD}
	EndGlobalSection
EndGlobal
